
Microsoft Visual Studio Solution File, Format Version 12.00
Project("{FAE04EC0-301F-11D3-BF4B-00C04F79EFBC}") = "Day1", "Day1\Run\Day1.csproj", "{FBC0C7A2-FD60-498A-B29C-BCC579E0CE9D}"
EndProject
Project("{FAE04EC0-301F-11D3-BF4B-00C04F79EFBC}") = "Common", "Common\Common.csproj", "{6035BFC3-F4B2-4D97-8E5E-C34FC7B95608}"
EndProject
Project("{2150E333-8FDC-42A3-9474-1A3956D46DE8}") = "Day1", "Day1", "{EDAF4A1E-BE68-431F-8D75-DE0CF89390BA}"
EndProject
Project("{FAE04EC0-301F-11D3-BF4B-00C04F79EFBC}") = "Day1.Tests", "Day1\Test\Day1.Tests.csproj", "{7C2A7A32-AEC6-4AC1-A2E1-8AF4A6787B7A}"
EndProject
Project("{2150E333-8FDC-42A3-9474-1A3956D46DE8}") = "Day2", "Day2", "{AE0555B6-966E-4323-BDA9-631D765A6BFD}"
EndProject
Project("{FAE04EC0-301F-11D3-BF4B-00C04F79EFBC}") = "Day2", "Day2\Run\Day2.csproj", "{E29B9C52-85FD-4452-9A79-42092E24135D}"
EndProject
Project("{FAE04EC0-301F-11D3-BF4B-00C04F79EFBC}") = "Day2.Tests", "Day2\Test\Day2.Tests.csproj", "{D9C08147-2B39-4945-870D-697C8EFCAED0}"
EndProject
Project("{2150E333-8FDC-42A3-9474-1A3956D46DE8}") = "Day3", "Day3", "{75AAC935-DB1C-4E00-AC3B-1AB764E6B378}"
EndProject
Project("{FAE04EC0-301F-11D3-BF4B-00C04F79EFBC}") = "Day3", "Day3\Run\Day3.csproj", "{02CBD70F-2F14-4662-B23A-AEA74BB5A3CF}"
EndProject
Project("{FAE04EC0-301F-11D3-BF4B-00C04F79EFBC}") = "Day3.Tests", "Day3\Test\Day3.Tests.csproj", "{E0815BD6-FFC6-431F-9C09-D1E1DD093B51}"
EndProject
Global
	GlobalSection(SolutionConfigurationPlatforms) = preSolution
		Debug|Any CPU = Debug|Any CPU
		Release|Any CPU = Release|Any CPU
	EndGlobalSection
	GlobalSection(ProjectConfigurationPlatforms) = postSolution
		{FBC0C7A2-FD60-498A-B29C-BCC579E0CE9D}.Debug|Any CPU.ActiveCfg = Debug|Any CPU
		{FBC0C7A2-FD60-498A-B29C-BCC579E0CE9D}.Debug|Any CPU.Build.0 = Debug|Any CPU
		{FBC0C7A2-FD60-498A-B29C-BCC579E0CE9D}.Release|Any CPU.ActiveCfg = Release|Any CPU
		{FBC0C7A2-FD60-498A-B29C-BCC579E0CE9D}.Release|Any CPU.Build.0 = Release|Any CPU
		{6035BFC3-F4B2-4D97-8E5E-C34FC7B95608}.Debug|Any CPU.ActiveCfg = Debug|Any CPU
		{6035BFC3-F4B2-4D97-8E5E-C34FC7B95608}.Debug|Any CPU.Build.0 = Debug|Any CPU
		{6035BFC3-F4B2-4D97-8E5E-C34FC7B95608}.Release|Any CPU.ActiveCfg = Release|Any CPU
		{6035BFC3-F4B2-4D97-8E5E-C34FC7B95608}.Release|Any CPU.Build.0 = Release|Any CPU
		{7C2A7A32-AEC6-4AC1-A2E1-8AF4A6787B7A}.Debug|Any CPU.ActiveCfg = Debug|Any CPU
		{7C2A7A32-AEC6-4AC1-A2E1-8AF4A6787B7A}.Debug|Any CPU.Build.0 = Debug|Any CPU
		{7C2A7A32-AEC6-4AC1-A2E1-8AF4A6787B7A}.Release|Any CPU.ActiveCfg = Release|Any CPU
		{7C2A7A32-AEC6-4AC1-A2E1-8AF4A6787B7A}.Release|Any CPU.Build.0 = Release|Any CPU
		{E29B9C52-85FD-4452-9A79-42092E24135D}.Debug|Any CPU.ActiveCfg = Debug|Any CPU
		{E29B9C52-85FD-4452-9A79-42092E24135D}.Debug|Any CPU.Build.0 = Debug|Any CPU
		{E29B9C52-85FD-4452-9A79-42092E24135D}.Release|Any CPU.ActiveCfg = Release|Any CPU
		{E29B9C52-85FD-4452-9A79-42092E24135D}.Release|Any CPU.Build.0 = Release|Any CPU
		{D9C08147-2B39-4945-870D-697C8EFCAED0}.Debug|Any CPU.ActiveCfg = Debug|Any CPU
		{D9C08147-2B39-4945-870D-697C8EFCAED0}.Debug|Any CPU.Build.0 = Debug|Any CPU
		{D9C08147-2B39-4945-870D-697C8EFCAED0}.Release|Any CPU.ActiveCfg = Release|Any CPU
		{D9C08147-2B39-4945-870D-697C8EFCAED0}.Release|Any CPU.Build.0 = Release|Any CPU
		{02CBD70F-2F14-4662-B23A-AEA74BB5A3CF}.Debug|Any CPU.ActiveCfg = Debug|Any CPU
		{02CBD70F-2F14-4662-B23A-AEA74BB5A3CF}.Debug|Any CPU.Build.0 = Debug|Any CPU
		{02CBD70F-2F14-4662-B23A-AEA74BB5A3CF}.Release|Any CPU.ActiveCfg = Release|Any CPU
		{02CBD70F-2F14-4662-B23A-AEA74BB5A3CF}.Release|Any CPU.Build.0 = Release|Any CPU
		{E0815BD6-FFC6-431F-9C09-D1E1DD093B51}.Debug|Any CPU.ActiveCfg = Debug|Any CPU
		{E0815BD6-FFC6-431F-9C09-D1E1DD093B51}.Debug|Any CPU.Build.0 = Debug|Any CPU
		{E0815BD6-FFC6-431F-9C09-D1E1DD093B51}.Release|Any CPU.ActiveCfg = Release|Any CPU
		{E0815BD6-FFC6-431F-9C09-D1E1DD093B51}.Release|Any CPU.Build.0 = Release|Any CPU
	EndGlobalSection
	GlobalSection(NestedProjects) = preSolution
		{FBC0C7A2-FD60-498A-B29C-BCC579E0CE9D} = {EDAF4A1E-BE68-431F-8D75-DE0CF89390BA}
		{7C2A7A32-AEC6-4AC1-A2E1-8AF4A6787B7A} = {EDAF4A1E-BE68-431F-8D75-DE0CF89390BA}
		{E29B9C52-85FD-4452-9A79-42092E24135D} = {AE0555B6-966E-4323-BDA9-631D765A6BFD}
		{D9C08147-2B39-4945-870D-697C8EFCAED0} = {AE0555B6-966E-4323-BDA9-631D765A6BFD}
		{02CBD70F-2F14-4662-B23A-AEA74BB5A3CF} = {75AAC935-DB1C-4E00-AC3B-1AB764E6B378}
		{E0815BD6-FFC6-431F-9C09-D1E1DD093B51} = {75AAC935-DB1C-4E00-AC3B-1AB764E6B378}
	EndGlobalSection
EndGlobal
